
Microsoft Visual Studio Solution File, Format Version 12.00
# Visual Studio Version 17
VisualStudioVersion = 17.3.32929.385
MinimumVisualStudioVersion = 10.0.40219.1
Project("{9A19103F-16F7-4668-BE54-9A1E7A4F7556}") = "HotelBooking", "HotelBooking\HotelBooking.csproj", "{E9217A64-E030-4667-8D74-F0153A689947}"
EndProject
Project("{9A19103F-16F7-4668-BE54-9A1E7A4F7556}") = "HotelBookingTests", "HotelBookingTests\HotelBookingTests.csproj", "{9846A364-3E2D-40B0-9BD5-54AC5DF857CF}"
EndProject
Global
	GlobalSection(SolutionConfigurationPlatforms) = preSolution
		Debug|Any CPU = Debug|Any CPU
		Release|Any CPU = Release|Any CPU
	EndGlobalSection
	GlobalSection(ProjectConfigurationPlatforms) = postSolution
		{E9217A64-E030-4667-8D74-F0153A689947}.Debug|Any CPU.ActiveCfg = Debug|Any CPU
		{E9217A64-E030-4667-8D74-F0153A689947}.Debug|Any CPU.Build.0 = Debug|Any CPU
		{E9217A64-E030-4667-8D74-F0153A689947}.Release|Any CPU.ActiveCfg = Release|Any CPU
		{E9217A64-E030-4667-8D74-F0153A689947}.Release|Any CPU.Build.0 = Release|Any CPU
		{9846A364-3E2D-40B0-9BD5-54AC5DF857CF}.Debug|Any CPU.ActiveCfg = Debug|Any CPU
		{9846A364-3E2D-40B0-9BD5-54AC5DF857CF}.Debug|Any CPU.Build.0 = Debug|Any CPU
		{9846A364-3E2D-40B0-9BD5-54AC5DF857CF}.Release|Any CPU.ActiveCfg = Release|Any CPU
		{9846A364-3E2D-40B0-9BD5-54AC5DF857CF}.Release|Any CPU.Build.0 = Release|Any CPU
	EndGlobalSection
	GlobalSection(SolutionProperties) = preSolution
		HideSolutionNode = FALSE
	EndGlobalSection
	GlobalSection(ExtensibilityGlobals) = postSolution
		SolutionGuid = {98E7AFC5-A24A-4A0B-8BD3-13CD3EE7AD1A}
	EndGlobalSection
EndGlobal
